
Microsoft Visual Studio Solution File, Format Version 12.00
# Visual Studio Version 16
VisualStudioVersion = 16.0.31424.327
MinimumVisualStudioVersion = 10.0.40219.1
Project("{FAE04EC0-301F-11D3-BF4B-00C04F79EFBC}") = "RECUPERO_1Q2022_CASANOVA", "RECUPERO_1Q2022_CASANOVA\RECUPERO_1Q2022_CASANOVA.csproj", "{3526A56E-12DB-457E-9506-32A015887E0C}"
EndProject
Global
	GlobalSection(SolutionConfigurationPlatforms) = preSolution
		Debug|Any CPU = Debug|Any CPU
		Release|Any CPU = Release|Any CPU
	EndGlobalSection
	GlobalSection(ProjectConfigurationPlatforms) = postSolution
		{3526A56E-12DB-457E-9506-32A015887E0C}.Debug|Any CPU.ActiveCfg = Debug|Any CPU
		{3526A56E-12DB-457E-9506-32A015887E0C}.Debug|Any CPU.Build.0 = Debug|Any CPU
		{3526A56E-12DB-457E-9506-32A015887E0C}.Release|Any CPU.ActiveCfg = Release|Any CPU
		{3526A56E-12DB-457E-9506-32A015887E0C}.Release|Any CPU.Build.0 = Release|Any CPU
	EndGlobalSection
	GlobalSection(SolutionProperties) = preSolution
		HideSolutionNode = FALSE
	EndGlobalSection
	GlobalSection(ExtensibilityGlobals) = postSolution
		SolutionGuid = {B57AA1AD-7225-4541-A540-38C759E8A417}
	EndGlobalSection
EndGlobal
